
Microsoft Visual Studio Solution File, Format Version 12.00
# Visual Studio Version 17
VisualStudioVersion = 17.14.36414.22 d17.14
MinimumVisualStudioVersion = 10.0.40219.1
Project("{FAE04EC0-301F-11D3-BF4B-00C04F79EFBC}") = "WebApplication1", "WebApplication1\WebApplication1.csproj", "{14C30FAC-498A-4821-B8DB-E0395CB134DC}"
EndProject
Global
	GlobalSection(SolutionConfigurationPlatforms) = preSolution
		Debug|Any CPU = Debug|Any CPU
		Release|Any CPU = Release|Any CPU
	EndGlobalSection
	GlobalSection(ProjectConfigurationPlatforms) = postSolution
		{14C30FAC-498A-4821-B8DB-E0395CB134DC}.Debug|Any CPU.ActiveCfg = Debug|Any CPU
		{14C30FAC-498A-4821-B8DB-E0395CB134DC}.Debug|Any CPU.Build.0 = Debug|Any CPU
		{14C30FAC-498A-4821-B8DB-E0395CB134DC}.Release|Any CPU.ActiveCfg = Release|Any CPU
		{14C30FAC-498A-4821-B8DB-E0395CB134DC}.Release|Any CPU.Build.0 = Release|Any CPU
	EndGlobalSection
	GlobalSection(SolutionProperties) = preSolution
		HideSolutionNode = FALSE
	EndGlobalSection
	GlobalSection(ExtensibilityGlobals) = postSolution
		SolutionGuid = {BFBF370D-C66D-484A-ABAE-F0EEAD185A32}
	EndGlobalSection
EndGlobal
